
Microsoft Visual Studio Solution File, Format Version 12.00
# Visual Studio Version 17
VisualStudioVersion = 17.1.32421.90
MinimumVisualStudioVersion = 10.0.40219.1
Project("{2150E333-8FDC-42A3-9474-1A3956D46DE8}") = "X.UI", "X.UI", "{9AA6821F-4823-4495-A80E-C5914303B5EA}"
EndProject
Project("{2150E333-8FDC-42A3-9474-1A3956D46DE8}") = "X.Util", "X.Util", "{A21B7C02-F512-43A8-8F8E-205962E78A99}"
EndProject
Project("{9A19103F-16F7-4668-BE54-9A1E7A4F7556}") = "X.Util.Core", "X.Util.Core\X.Util.Core.csproj", "{09C3FE73-6372-4740-9FF5-C8EA2FD32D98}"
EndProject
Project("{9A19103F-16F7-4668-BE54-9A1E7A4F7556}") = "X.Util.Entities", "X.Util.Entities\X.Util.Entities.csproj", "{A629C498-8572-471F-9382-A166BC08100E}"
EndProject
Project("{9A19103F-16F7-4668-BE54-9A1E7A4F7556}") = "X.Util.Provider", "X.Util.Provider\X.Util.Provider.csproj", "{1B17589C-5E14-4267-A92B-A267C89DDF2C}"
EndProject
Project("{9A19103F-16F7-4668-BE54-9A1E7A4F7556}") = "X.Util.Extend", "X.Util.Extend\X.Util.Extend.csproj", "{2D212206-3F7E-424E-A485-D520ED907E9C}"
EndProject
Project("{9A19103F-16F7-4668-BE54-9A1E7A4F7556}") = "X.Util.Other", "X.Util.Other\X.Util.Other.csproj", "{883E65BB-0B08-48EF-8013-3A8F3E8E5517}"
EndProject
Project("{9A19103F-16F7-4668-BE54-9A1E7A4F7556}") = "X.UI.WebAPI", "X.UI.WebAPI\X.UI.WebAPI.csproj", "{413078E3-F11E-4A54-B7EA-1831F94A4821}"
EndProject
Project("{9A19103F-16F7-4668-BE54-9A1E7A4F7556}") = "X.UI.Consoles", "X.UI.Consoles\X.UI.Consoles.csproj", "{43D7EE66-F129-47D0-8DF1-31E19E7983D5}"
EndProject
Project("{9A19103F-16F7-4668-BE54-9A1E7A4F7556}") = "X.UI.React", "X.UI.React\X.UI.React.csproj", "{9262F0B3-CA4E-41FB-A4D2-339E9497F0F6}"
EndProject
Project("{2150E333-8FDC-42A3-9474-1A3956D46DE8}") = "X.DB", "X.DB", "{094EA635-EBDF-41D7-BDB5-51A324702048}"
EndProject
Project("{9A19103F-16F7-4668-BE54-9A1E7A4F7556}") = "X.DB.Util", "X.DB.Util\X.DB.Util.csproj", "{A2E96903-EACB-4D74-96F4-92D9C3572402}"
EndProject
Project("{2150E333-8FDC-42A3-9474-1A3956D46DE8}") = "X.Interface", "X.Interface", "{A0DD7CA1-8922-481B-A98F-561BFB00D01D}"
EndProject
Project("{9A19103F-16F7-4668-BE54-9A1E7A4F7556}") = "X.Interface.Dto", "X.Interface.Dto\X.Interface.Dto.csproj", "{4C022E04-85AC-4C91-A341-134ABE769CFC}"
EndProject
Project("{9A19103F-16F7-4668-BE54-9A1E7A4F7556}") = "X.Interface.Core", "X.Interface.Core\X.Interface.Core.csproj", "{E252BB3C-2A18-45A3-A4B5-05924FEC82C0}"
EndProject
Project("{9A19103F-16F7-4668-BE54-9A1E7A4F7556}") = "X.DB.Core", "X.DB.Core\X.DB.Core.csproj", "{8CDA0092-FA03-4AE6-AB7B-418B5DC68FB6}"
EndProject
Project("{2150E333-8FDC-42A3-9474-1A3956D46DE8}") = "X.Business", "X.Business", "{2DF8D4A7-5A3E-45AA-A064-849EE95A8353}"
EndProject
Project("{9A19103F-16F7-4668-BE54-9A1E7A4F7556}") = "X.Business.Util", "X.Business.Util\X.Business.Util.csproj", "{D0FEB1F5-2E84-426D-9DEE-9396F39C2B2B}"
EndProject
Project("{9A19103F-16F7-4668-BE54-9A1E7A4F7556}") = "X.Business.Core", "X.Business.Core\X.Business.Core.csproj", "{C687DFA9-66BF-4303-9589-C6F82AAB432D}"
EndProject
Project("{9A19103F-16F7-4668-BE54-9A1E7A4F7556}") = "X.Business.Model", "X.Business.Model\X.Business.Model.csproj", "{F8F032E4-672B-406A-B1A1-1BB6FB4B78B8}"
EndProject
Project("{9A19103F-16F7-4668-BE54-9A1E7A4F7556}") = "X.DB.Entitis", "X.DB.Entitis\X.DB.Entitis.csproj", "{8D1B7F52-826B-428D-9ACB-819B4B31654A}"
EndProject
Project("{9A19103F-16F7-4668-BE54-9A1E7A4F7556}") = "X.UI.Util", "X.UI.Util\X.UI.Util.csproj", "{11CE6C2D-9CA7-4458-8C2D-D5C85E96B1FE}"
EndProject
Project("{2150E333-8FDC-42A3-9474-1A3956D46DE8}") = "X.Test", "X.Test", "{4D701C6E-546D-4141-AF8C-B58E8A3943FD}"
EndProject
Project("{9A19103F-16F7-4668-BE54-9A1E7A4F7556}") = "X.Test.EdgeDriverTest", "X.Test.EdgeDriverTest\X.Test.EdgeDriverTest.csproj", "{7A8C4FEC-9BD0-48B7-806B-FB185229650E}"
EndProject
Project("{FAE04EC0-301F-11D3-BF4B-00C04F79EFBC}") = "X.Test.UITest", "X.Test.UITest\X.Test.UITest.csproj", "{546CFED7-9A45-4C8C-9EFA-FB2174A7FFE9}"
EndProject
Project("{9A19103F-16F7-4668-BE54-9A1E7A4F7556}") = "X.Test.UnitTest", "X.Test.UnitTest\X.Test.UnitTest.csproj", "{FB7BE513-2430-40D8-A7FD-B3DF32AB4D91}"
EndProject
Project("{2150E333-8FDC-42A3-9474-1A3956D46DE8}") = "X.Front", "X.Front", "{AF37DA6C-B355-42DE-B00E-A1761DEA00D9}"
EndProject
Project("{54A90642-561A-4BB1-A94E-469ADEE60C69}") = "X.Front.TypeReact", "X.Front.TypeReact\X.Front.TypeReact.esproj", "{A80B81D8-A9FE-49F9-9460-24A90C78F856}"
EndProject
Project("{54A90642-561A-4BB1-A94E-469ADEE60C69}") = "x.front.typevue", "X.Front.TypeVue\x.front.typevue.esproj", "{627CE51C-1F26-4D72-9B93-6ACF81E97232}"
EndProject
Project("{FAE04EC0-301F-11D3-BF4B-00C04F79EFBC}") = "X.UI.BlazorWebAssembly", "X.UI.BlazorWebAssembly\X.UI.BlazorWebAssembly.csproj", "{ED696CD4-8547-4ECA-ABFD-5C1758C11BA8}"
EndProject
Global
	GlobalSection(SolutionConfigurationPlatforms) = preSolution
		Debug|Any CPU = Debug|Any CPU
		Release|Any CPU = Release|Any CPU
	EndGlobalSection
	GlobalSection(ProjectConfigurationPlatforms) = postSolution
		{09C3FE73-6372-4740-9FF5-C8EA2FD32D98}.Debug|Any CPU.ActiveCfg = Debug|Any CPU
		{09C3FE73-6372-4740-9FF5-C8EA2FD32D98}.Debug|Any CPU.Build.0 = Debug|Any CPU
		{09C3FE73-6372-4740-9FF5-C8EA2FD32D98}.Release|Any CPU.ActiveCfg = Release|Any CPU
		{09C3FE73-6372-4740-9FF5-C8EA2FD32D98}.Release|Any CPU.Build.0 = Release|Any CPU
		{A629C498-8572-471F-9382-A166BC08100E}.Debug|Any CPU.ActiveCfg = Debug|Any CPU
		{A629C498-8572-471F-9382-A166BC08100E}.Debug|Any CPU.Build.0 = Debug|Any CPU
		{A629C498-8572-471F-9382-A166BC08100E}.Release|Any CPU.ActiveCfg = Release|Any CPU
		{A629C498-8572-471F-9382-A166BC08100E}.Release|Any CPU.Build.0 = Release|Any CPU
		{1B17589C-5E14-4267-A92B-A267C89DDF2C}.Debug|Any CPU.ActiveCfg = Debug|Any CPU
		{1B17589C-5E14-4267-A92B-A267C89DDF2C}.Debug|Any CPU.Build.0 = Debug|Any CPU
		{1B17589C-5E14-4267-A92B-A267C89DDF2C}.Release|Any CPU.ActiveCfg = Release|Any CPU
		{1B17589C-5E14-4267-A92B-A267C89DDF2C}.Release|Any CPU.Build.0 = Release|Any CPU
		{2D212206-3F7E-424E-A485-D520ED907E9C}.Debug|Any CPU.ActiveCfg = Debug|Any CPU
		{2D212206-3F7E-424E-A485-D520ED907E9C}.Debug|Any CPU.Build.0 = Debug|Any CPU
		{2D212206-3F7E-424E-A485-D520ED907E9C}.Release|Any CPU.ActiveCfg = Release|Any CPU
		{2D212206-3F7E-424E-A485-D520ED907E9C}.Release|Any CPU.Build.0 = Release|Any CPU
		{883E65BB-0B08-48EF-8013-3A8F3E8E5517}.Debug|Any CPU.ActiveCfg = Debug|Any CPU
		{883E65BB-0B08-48EF-8013-3A8F3E8E5517}.Debug|Any CPU.Build.0 = Debug|Any CPU
		{883E65BB-0B08-48EF-8013-3A8F3E8E5517}.Release|Any CPU.ActiveCfg = Release|Any CPU
		{883E65BB-0B08-48EF-8013-3A8F3E8E5517}.Release|Any CPU.Build.0 = Release|Any CPU
		{413078E3-F11E-4A54-B7EA-1831F94A4821}.Debug|Any CPU.ActiveCfg = Debug|Any CPU
		{413078E3-F11E-4A54-B7EA-1831F94A4821}.Debug|Any CPU.Build.0 = Debug|Any CPU
		{413078E3-F11E-4A54-B7EA-1831F94A4821}.Release|Any CPU.ActiveCfg = Release|Any CPU
		{413078E3-F11E-4A54-B7EA-1831F94A4821}.Release|Any CPU.Build.0 = Release|Any CPU
		{43D7EE66-F129-47D0-8DF1-31E19E7983D5}.Debug|Any CPU.ActiveCfg = Debug|Any CPU
		{43D7EE66-F129-47D0-8DF1-31E19E7983D5}.Debug|Any CPU.Build.0 = Debug|Any CPU
		{43D7EE66-F129-47D0-8DF1-31E19E7983D5}.Release|Any CPU.ActiveCfg = Release|Any CPU
		{43D7EE66-F129-47D0-8DF1-31E19E7983D5}.Release|Any CPU.Build.0 = Release|Any CPU
		{9262F0B3-CA4E-41FB-A4D2-339E9497F0F6}.Debug|Any CPU.ActiveCfg = Debug|Any CPU
		{9262F0B3-CA4E-41FB-A4D2-339E9497F0F6}.Debug|Any CPU.Build.0 = Debug|Any CPU
		{9262F0B3-CA4E-41FB-A4D2-339E9497F0F6}.Release|Any CPU.ActiveCfg = Release|Any CPU
		{9262F0B3-CA4E-41FB-A4D2-339E9497F0F6}.Release|Any CPU.Build.0 = Release|Any CPU
		{A2E96903-EACB-4D74-96F4-92D9C3572402}.Debug|Any CPU.ActiveCfg = Debug|Any CPU
		{A2E96903-EACB-4D74-96F4-92D9C3572402}.Debug|Any CPU.Build.0 = Debug|Any CPU
		{A2E96903-EACB-4D74-96F4-92D9C3572402}.Release|Any CPU.ActiveCfg = Release|Any CPU
		{A2E96903-EACB-4D74-96F4-92D9C3572402}.Release|Any CPU.Build.0 = Release|Any CPU
		{4C022E04-85AC-4C91-A341-134ABE769CFC}.Debug|Any CPU.ActiveCfg = Debug|Any CPU
		{4C022E04-85AC-4C91-A341-134ABE769CFC}.Debug|Any CPU.Build.0 = Debug|Any CPU
		{4C022E04-85AC-4C91-A341-134ABE769CFC}.Release|Any CPU.ActiveCfg = Release|Any CPU
		{4C022E04-85AC-4C91-A341-134ABE769CFC}.Release|Any CPU.Build.0 = Release|Any CPU
		{E252BB3C-2A18-45A3-A4B5-05924FEC82C0}.Debug|Any CPU.ActiveCfg = Debug|Any CPU
		{E252BB3C-2A18-45A3-A4B5-05924FEC82C0}.Debug|Any CPU.Build.0 = Debug|Any CPU
		{E252BB3C-2A18-45A3-A4B5-05924FEC82C0}.Release|Any CPU.ActiveCfg = Release|Any CPU
		{E252BB3C-2A18-45A3-A4B5-05924FEC82C0}.Release|Any CPU.Build.0 = Release|Any CPU
		{8CDA0092-FA03-4AE6-AB7B-418B5DC68FB6}.Debug|Any CPU.ActiveCfg = Debug|Any CPU
		{8CDA0092-FA03-4AE6-AB7B-418B5DC68FB6}.Debug|Any CPU.Build.0 = Debug|Any CPU
		{8CDA0092-FA03-4AE6-AB7B-418B5DC68FB6}.Release|Any CPU.ActiveCfg = Release|Any CPU
		{8CDA0092-FA03-4AE6-AB7B-418B5DC68FB6}.Release|Any CPU.Build.0 = Release|Any CPU
		{D0FEB1F5-2E84-426D-9DEE-9396F39C2B2B}.Debug|Any CPU.ActiveCfg = Debug|Any CPU
		{D0FEB1F5-2E84-426D-9DEE-9396F39C2B2B}.Debug|Any CPU.Build.0 = Debug|Any CPU
		{D0FEB1F5-2E84-426D-9DEE-9396F39C2B2B}.Release|Any CPU.ActiveCfg = Release|Any CPU
		{D0FEB1F5-2E84-426D-9DEE-9396F39C2B2B}.Release|Any CPU.Build.0 = Release|Any CPU
		{C687DFA9-66BF-4303-9589-C6F82AAB432D}.Debug|Any CPU.ActiveCfg = Debug|Any CPU
		{C687DFA9-66BF-4303-9589-C6F82AAB432D}.Debug|Any CPU.Build.0 = Debug|Any CPU
		{C687DFA9-66BF-4303-9589-C6F82AAB432D}.Release|Any CPU.ActiveCfg = Release|Any CPU
		{C687DFA9-66BF-4303-9589-C6F82AAB432D}.Release|Any CPU.Build.0 = Release|Any CPU
		{F8F032E4-672B-406A-B1A1-1BB6FB4B78B8}.Debug|Any CPU.ActiveCfg = Debug|Any CPU
		{F8F032E4-672B-406A-B1A1-1BB6FB4B78B8}.Debug|Any CPU.Build.0 = Debug|Any CPU
		{F8F032E4-672B-406A-B1A1-1BB6FB4B78B8}.Release|Any CPU.ActiveCfg = Release|Any CPU
		{F8F032E4-672B-406A-B1A1-1BB6FB4B78B8}.Release|Any CPU.Build.0 = Release|Any CPU
		{8D1B7F52-826B-428D-9ACB-819B4B31654A}.Debug|Any CPU.ActiveCfg = Debug|Any CPU
		{8D1B7F52-826B-428D-9ACB-819B4B31654A}.Debug|Any CPU.Build.0 = Debug|Any CPU
		{8D1B7F52-826B-428D-9ACB-819B4B31654A}.Release|Any CPU.ActiveCfg = Release|Any CPU
		{8D1B7F52-826B-428D-9ACB-819B4B31654A}.Release|Any CPU.Build.0 = Release|Any CPU
		{11CE6C2D-9CA7-4458-8C2D-D5C85E96B1FE}.Debug|Any CPU.ActiveCfg = Debug|Any CPU
		{11CE6C2D-9CA7-4458-8C2D-D5C85E96B1FE}.Debug|Any CPU.Build.0 = Debug|Any CPU
		{11CE6C2D-9CA7-4458-8C2D-D5C85E96B1FE}.Release|Any CPU.ActiveCfg = Release|Any CPU
		{11CE6C2D-9CA7-4458-8C2D-D5C85E96B1FE}.Release|Any CPU.Build.0 = Release|Any CPU
		{7A8C4FEC-9BD0-48B7-806B-FB185229650E}.Debug|Any CPU.ActiveCfg = Debug|Any CPU
		{7A8C4FEC-9BD0-48B7-806B-FB185229650E}.Debug|Any CPU.Build.0 = Debug|Any CPU
		{7A8C4FEC-9BD0-48B7-806B-FB185229650E}.Release|Any CPU.ActiveCfg = Release|Any CPU
		{7A8C4FEC-9BD0-48B7-806B-FB185229650E}.Release|Any CPU.Build.0 = Release|Any CPU
		{546CFED7-9A45-4C8C-9EFA-FB2174A7FFE9}.Debug|Any CPU.ActiveCfg = Debug|Any CPU
		{546CFED7-9A45-4C8C-9EFA-FB2174A7FFE9}.Debug|Any CPU.Build.0 = Debug|Any CPU
		{546CFED7-9A45-4C8C-9EFA-FB2174A7FFE9}.Release|Any CPU.ActiveCfg = Release|Any CPU
		{546CFED7-9A45-4C8C-9EFA-FB2174A7FFE9}.Release|Any CPU.Build.0 = Release|Any CPU
		{FB7BE513-2430-40D8-A7FD-B3DF32AB4D91}.Debug|Any CPU.ActiveCfg = Debug|Any CPU
		{FB7BE513-2430-40D8-A7FD-B3DF32AB4D91}.Debug|Any CPU.Build.0 = Debug|Any CPU
		{FB7BE513-2430-40D8-A7FD-B3DF32AB4D91}.Release|Any CPU.ActiveCfg = Release|Any CPU
		{FB7BE513-2430-40D8-A7FD-B3DF32AB4D91}.Release|Any CPU.Build.0 = Release|Any CPU
		{A80B81D8-A9FE-49F9-9460-24A90C78F856}.Debug|Any CPU.ActiveCfg = Debug|Any CPU
		{A80B81D8-A9FE-49F9-9460-24A90C78F856}.Debug|Any CPU.Build.0 = Debug|Any CPU
		{A80B81D8-A9FE-49F9-9460-24A90C78F856}.Debug|Any CPU.Deploy.0 = Debug|Any CPU
		{A80B81D8-A9FE-49F9-9460-24A90C78F856}.Release|Any CPU.ActiveCfg = Release|Any CPU
		{A80B81D8-A9FE-49F9-9460-24A90C78F856}.Release|Any CPU.Build.0 = Release|Any CPU
		{A80B81D8-A9FE-49F9-9460-24A90C78F856}.Release|Any CPU.Deploy.0 = Release|Any CPU
		{627CE51C-1F26-4D72-9B93-6ACF81E97232}.Debug|Any CPU.ActiveCfg = Debug|Any CPU
		{627CE51C-1F26-4D72-9B93-6ACF81E97232}.Debug|Any CPU.Build.0 = Debug|Any CPU
		{627CE51C-1F26-4D72-9B93-6ACF81E97232}.Debug|Any CPU.Deploy.0 = Debug|Any CPU
		{627CE51C-1F26-4D72-9B93-6ACF81E97232}.Release|Any CPU.ActiveCfg = Release|Any CPU
		{627CE51C-1F26-4D72-9B93-6ACF81E97232}.Release|Any CPU.Build.0 = Release|Any CPU
		{627CE51C-1F26-4D72-9B93-6ACF81E97232}.Release|Any CPU.Deploy.0 = Release|Any CPU
		{ED696CD4-8547-4ECA-ABFD-5C1758C11BA8}.Debug|Any CPU.ActiveCfg = Debug|Any CPU
		{ED696CD4-8547-4ECA-ABFD-5C1758C11BA8}.Debug|Any CPU.Build.0 = Debug|Any CPU
		{ED696CD4-8547-4ECA-ABFD-5C1758C11BA8}.Release|Any CPU.ActiveCfg = Release|Any CPU
		{ED696CD4-8547-4ECA-ABFD-5C1758C11BA8}.Release|Any CPU.Build.0 = Release|Any CPU
	EndGlobalSection
	GlobalSection(SolutionProperties) = preSolution
		HideSolutionNode = FALSE
	EndGlobalSection
	GlobalSection(NestedProjects) = preSolution
		{09C3FE73-6372-4740-9FF5-C8EA2FD32D98} = {A21B7C02-F512-43A8-8F8E-205962E78A99}
		{A629C498-8572-471F-9382-A166BC08100E} = {A21B7C02-F512-43A8-8F8E-205962E78A99}
		{1B17589C-5E14-4267-A92B-A267C89DDF2C} = {A21B7C02-F512-43A8-8F8E-205962E78A99}
		{2D212206-3F7E-424E-A485-D520ED907E9C} = {A21B7C02-F512-43A8-8F8E-205962E78A99}
		{883E65BB-0B08-48EF-8013-3A8F3E8E5517} = {A21B7C02-F512-43A8-8F8E-205962E78A99}
		{413078E3-F11E-4A54-B7EA-1831F94A4821} = {9AA6821F-4823-4495-A80E-C5914303B5EA}
		{43D7EE66-F129-47D0-8DF1-31E19E7983D5} = {9AA6821F-4823-4495-A80E-C5914303B5EA}
		{9262F0B3-CA4E-41FB-A4D2-339E9497F0F6} = {9AA6821F-4823-4495-A80E-C5914303B5EA}
		{A2E96903-EACB-4D74-96F4-92D9C3572402} = {094EA635-EBDF-41D7-BDB5-51A324702048}
		{4C022E04-85AC-4C91-A341-134ABE769CFC} = {A0DD7CA1-8922-481B-A98F-561BFB00D01D}
		{E252BB3C-2A18-45A3-A4B5-05924FEC82C0} = {A0DD7CA1-8922-481B-A98F-561BFB00D01D}
		{8CDA0092-FA03-4AE6-AB7B-418B5DC68FB6} = {094EA635-EBDF-41D7-BDB5-51A324702048}
		{D0FEB1F5-2E84-426D-9DEE-9396F39C2B2B} = {2DF8D4A7-5A3E-45AA-A064-849EE95A8353}
		{C687DFA9-66BF-4303-9589-C6F82AAB432D} = {2DF8D4A7-5A3E-45AA-A064-849EE95A8353}
		{F8F032E4-672B-406A-B1A1-1BB6FB4B78B8} = {2DF8D4A7-5A3E-45AA-A064-849EE95A8353}
		{8D1B7F52-826B-428D-9ACB-819B4B31654A} = {094EA635-EBDF-41D7-BDB5-51A324702048}
		{11CE6C2D-9CA7-4458-8C2D-D5C85E96B1FE} = {9AA6821F-4823-4495-A80E-C5914303B5EA}
		{7A8C4FEC-9BD0-48B7-806B-FB185229650E} = {4D701C6E-546D-4141-AF8C-B58E8A3943FD}
		{546CFED7-9A45-4C8C-9EFA-FB2174A7FFE9} = {4D701C6E-546D-4141-AF8C-B58E8A3943FD}
		{FB7BE513-2430-40D8-A7FD-B3DF32AB4D91} = {4D701C6E-546D-4141-AF8C-B58E8A3943FD}
		{A80B81D8-A9FE-49F9-9460-24A90C78F856} = {AF37DA6C-B355-42DE-B00E-A1761DEA00D9}
		{627CE51C-1F26-4D72-9B93-6ACF81E97232} = {AF37DA6C-B355-42DE-B00E-A1761DEA00D9}
		{ED696CD4-8547-4ECA-ABFD-5C1758C11BA8} = {9AA6821F-4823-4495-A80E-C5914303B5EA}
	EndGlobalSection
	GlobalSection(ExtensibilityGlobals) = postSolution
		SolutionGuid = {980A3338-C8BD-4269-A61B-BCF57B14D411}
	EndGlobalSection
EndGlobal
