
Microsoft Visual Studio Solution File, Format Version 12.00
# Visual Studio Version 17
VisualStudioVersion = 17.1.32421.90
MinimumVisualStudioVersion = 10.0.40219.1
Project("{2150E333-8FDC-42A3-9474-1A3956D46DE8}") = "X.Util", "X.Util", "{A21B7C02-F512-43A8-8F8E-205962E78A99}"
EndProject
Project("{9A19103F-16F7-4668-BE54-9A1E7A4F7556}") = "X.Util.Core", "X.Util.Core\X.Util.Core.csproj", "{09C3FE73-6372-4740-9FF5-C8EA2FD32D98}"
EndProject
Project("{9A19103F-16F7-4668-BE54-9A1E7A4F7556}") = "X.Util.Entities", "X.Util.Entities\X.Util.Entities.csproj", "{A629C498-8572-471F-9382-A166BC08100E}"
EndProject
Project("{9A19103F-16F7-4668-BE54-9A1E7A4F7556}") = "X.Util.Provider", "X.Util.Provider\X.Util.Provider.csproj", "{1B17589C-5E14-4267-A92B-A267C89DDF2C}"
EndProject
Project("{9A19103F-16F7-4668-BE54-9A1E7A4F7556}") = "X.Util.Extend", "X.Util.Extend\X.Util.Extend.csproj", "{2D212206-3F7E-424E-A485-D520ED907E9C}"
EndProject
Project("{9A19103F-16F7-4668-BE54-9A1E7A4F7556}") = "X.Util.Other", "X.Util.Other\X.Util.Other.csproj", "{883E65BB-0B08-48EF-8013-3A8F3E8E5517}"
EndProject
Project("{9A19103F-16F7-4668-BE54-9A1E7A4F7556}") = "X.UI.WebAPI", "X.UI.WebAPI\X.UI.WebAPI.csproj", "{413078E3-F11E-4A54-B7EA-1831F94A4821}"
EndProject
Project("{9A19103F-16F7-4668-BE54-9A1E7A4F7556}") = "X.UI.React", "X.UI.React\X.UI.React.csproj", "{9262F0B3-CA4E-41FB-A4D2-339E9497F0F6}"
EndProject
Project("{2150E333-8FDC-42A3-9474-1A3956D46DE8}") = "X.DB", "X.DB", "{094EA635-EBDF-41D7-BDB5-51A324702048}"
EndProject
Project("{9A19103F-16F7-4668-BE54-9A1E7A4F7556}") = "X.DB.Util", "X.DB.Util\X.DB.Util.csproj", "{A2E96903-EACB-4D74-96F4-92D9C3572402}"
EndProject
Project("{2150E333-8FDC-42A3-9474-1A3956D46DE8}") = "X.Interface", "X.Interface", "{A0DD7CA1-8922-481B-A98F-561BFB00D01D}"
EndProject
Project("{9A19103F-16F7-4668-BE54-9A1E7A4F7556}") = "X.Interface.Dto", "X.Interface.Dto\X.Interface.Dto.csproj", "{4C022E04-85AC-4C91-A341-134ABE769CFC}"
EndProject
Project("{9A19103F-16F7-4668-BE54-9A1E7A4F7556}") = "X.Interface.Core", "X.Interface.Core\X.Interface.Core.csproj", "{E252BB3C-2A18-45A3-A4B5-05924FEC82C0}"
EndProject
Project("{9A19103F-16F7-4668-BE54-9A1E7A4F7556}") = "X.DB.Core", "X.DB.Core\X.DB.Core.csproj", "{8CDA0092-FA03-4AE6-AB7B-418B5DC68FB6}"
EndProject
Project("{2150E333-8FDC-42A3-9474-1A3956D46DE8}") = "X.Business", "X.Business", "{2DF8D4A7-5A3E-45AA-A064-849EE95A8353}"
EndProject
Project("{9A19103F-16F7-4668-BE54-9A1E7A4F7556}") = "X.Business.Util", "X.Business.Util\X.Business.Util.csproj", "{D0FEB1F5-2E84-426D-9DEE-9396F39C2B2B}"
EndProject
Project("{9A19103F-16F7-4668-BE54-9A1E7A4F7556}") = "X.Business.Core", "X.Business.Core\X.Business.Core.csproj", "{C687DFA9-66BF-4303-9589-C6F82AAB432D}"
EndProject
Project("{9A19103F-16F7-4668-BE54-9A1E7A4F7556}") = "X.Business.Model", "X.Business.Model\X.Business.Model.csproj", "{F8F032E4-672B-406A-B1A1-1BB6FB4B78B8}"
EndProject
Project("{9A19103F-16F7-4668-BE54-9A1E7A4F7556}") = "X.DB.Entitis", "X.DB.Entitis\X.DB.Entitis.csproj", "{8D1B7F52-826B-428D-9ACB-819B4B31654A}"
EndProject
Project("{9A19103F-16F7-4668-BE54-9A1E7A4F7556}") = "X.UI.Util", "X.UI.Util\X.UI.Util.csproj", "{11CE6C2D-9CA7-4458-8C2D-D5C85E96B1FE}"
EndProject
Project("{2150E333-8FDC-42A3-9474-1A3956D46DE8}") = "X.Test", "X.Test", "{4D701C6E-546D-4141-AF8C-B58E8A3943FD}"
EndProject
Project("{9A19103F-16F7-4668-BE54-9A1E7A4F7556}") = "X.Test.EdgeDriverTest", "X.Test.EdgeDriverTest\X.Test.EdgeDriverTest.csproj", "{7A8C4FEC-9BD0-48B7-806B-FB185229650E}"
EndProject
Project("{FAE04EC0-301F-11D3-BF4B-00C04F79EFBC}") = "X.Test.UITest", "X.Test.UITest\X.Test.UITest.csproj", "{546CFED7-9A45-4C8C-9EFA-FB2174A7FFE9}"
EndProject
Project("{9A19103F-16F7-4668-BE54-9A1E7A4F7556}") = "X.Test.UnitTest", "X.Test.UnitTest\X.Test.UnitTest.csproj", "{FB7BE513-2430-40D8-A7FD-B3DF32AB4D91}"
EndProject
Project("{9A19103F-16F7-4668-BE54-9A1E7A4F7556}") = "X.UI.Web", "X.UI.Web\X.UI.Web.csproj", "{4008B70B-7DDE-4A4F-AF3F-29B154345D48}"
EndProject
Project("{9A19103F-16F7-4668-BE54-9A1E7A4F7556}") = "X.UI.Blazor", "X.UI.Blazor\X.UI.Blazor.csproj", "{0A615629-ABBE-49B9-95D0-D7BC14BDD85C}"
EndProject
Project("{9A19103F-16F7-4668-BE54-9A1E7A4F7556}") = "X.UI.Angular", "X.UI.Angular\X.UI.Angular.csproj", "{EDD6BD04-8E2E-411D-8D95-FAE50403FBA2}"
EndProject
Project("{9A19103F-16F7-4668-BE54-9A1E7A4F7556}") = "X.UI.BlazorServer", "X.UI.BlazorServer\X.UI.BlazorServer.csproj", "{85614B12-EF08-4AB5-8CA2-62F3C803B5AB}"
EndProject
Project("{9A19103F-16F7-4668-BE54-9A1E7A4F7556}") = "X.UI.WPF", "X.UI.WPF\X.UI.WPF.csproj", "{0365BD2C-1E4C-4A23-89D4-EC767C001F1E}"
EndProject
Project("{9A19103F-16F7-4668-BE54-9A1E7A4F7556}") = "X.UI.GrpcService", "X.UI.GrpcService\X.UI.GrpcService.csproj", "{244C472F-ECD0-4C02-A11D-23EBB4EC7A27}"
EndProject
Project("{9A19103F-16F7-4668-BE54-9A1E7A4F7556}") = "X.UI.WorkerService", "X.UI.WorkerService\X.UI.WorkerService.csproj", "{1B9D3E96-C304-4F24-BD7F-BC295FA88676}"
EndProject
Project("{2150E333-8FDC-42A3-9474-1A3956D46DE8}") = "X.UI.Web", "X.UI.Web", "{5A3A303D-DAB9-4C51-981A-AAEAADC72B97}"
EndProject
Project("{2150E333-8FDC-42A3-9474-1A3956D46DE8}") = "X.UI.App", "X.UI.App", "{7B9977E7-E0F2-4717-BC19-ABBFB7A2DAD7}"
EndProject
Project("{2150E333-8FDC-42A3-9474-1A3956D46DE8}") = "X.UI", "X.UI", "{722E22FD-041D-4E74-B2DA-4EEDF40D672F}"
EndProject
Project("{FAE04EC0-301F-11D3-BF4B-00C04F79EFBC}") = "X.UI.ConsoleTest", "X.UI.ConsoleTest\X.UI.ConsoleTest.csproj", "{606507EA-38B0-4043-91F8-DFD26DE0D99E}"
EndProject
Global
	GlobalSection(SolutionConfigurationPlatforms) = preSolution
		Debug|Any CPU = Debug|Any CPU
		Release|Any CPU = Release|Any CPU
	EndGlobalSection
	GlobalSection(ProjectConfigurationPlatforms) = postSolution
		{09C3FE73-6372-4740-9FF5-C8EA2FD32D98}.Debug|Any CPU.ActiveCfg = Debug|Any CPU
		{09C3FE73-6372-4740-9FF5-C8EA2FD32D98}.Debug|Any CPU.Build.0 = Debug|Any CPU
		{09C3FE73-6372-4740-9FF5-C8EA2FD32D98}.Release|Any CPU.ActiveCfg = Release|Any CPU
		{09C3FE73-6372-4740-9FF5-C8EA2FD32D98}.Release|Any CPU.Build.0 = Release|Any CPU
		{A629C498-8572-471F-9382-A166BC08100E}.Debug|Any CPU.ActiveCfg = Debug|Any CPU
		{A629C498-8572-471F-9382-A166BC08100E}.Debug|Any CPU.Build.0 = Debug|Any CPU
		{A629C498-8572-471F-9382-A166BC08100E}.Release|Any CPU.ActiveCfg = Release|Any CPU
		{A629C498-8572-471F-9382-A166BC08100E}.Release|Any CPU.Build.0 = Release|Any CPU
		{1B17589C-5E14-4267-A92B-A267C89DDF2C}.Debug|Any CPU.ActiveCfg = Debug|Any CPU
		{1B17589C-5E14-4267-A92B-A267C89DDF2C}.Debug|Any CPU.Build.0 = Debug|Any CPU
		{1B17589C-5E14-4267-A92B-A267C89DDF2C}.Release|Any CPU.ActiveCfg = Release|Any CPU
		{1B17589C-5E14-4267-A92B-A267C89DDF2C}.Release|Any CPU.Build.0 = Release|Any CPU
		{2D212206-3F7E-424E-A485-D520ED907E9C}.Debug|Any CPU.ActiveCfg = Debug|Any CPU
		{2D212206-3F7E-424E-A485-D520ED907E9C}.Debug|Any CPU.Build.0 = Debug|Any CPU
		{2D212206-3F7E-424E-A485-D520ED907E9C}.Release|Any CPU.ActiveCfg = Release|Any CPU
		{2D212206-3F7E-424E-A485-D520ED907E9C}.Release|Any CPU.Build.0 = Release|Any CPU
		{883E65BB-0B08-48EF-8013-3A8F3E8E5517}.Debug|Any CPU.ActiveCfg = Debug|Any CPU
		{883E65BB-0B08-48EF-8013-3A8F3E8E5517}.Debug|Any CPU.Build.0 = Debug|Any CPU
		{883E65BB-0B08-48EF-8013-3A8F3E8E5517}.Release|Any CPU.ActiveCfg = Release|Any CPU
		{883E65BB-0B08-48EF-8013-3A8F3E8E5517}.Release|Any CPU.Build.0 = Release|Any CPU
		{413078E3-F11E-4A54-B7EA-1831F94A4821}.Debug|Any CPU.ActiveCfg = Debug|Any CPU
		{413078E3-F11E-4A54-B7EA-1831F94A4821}.Debug|Any CPU.Build.0 = Debug|Any CPU
		{413078E3-F11E-4A54-B7EA-1831F94A4821}.Release|Any CPU.ActiveCfg = Release|Any CPU
		{413078E3-F11E-4A54-B7EA-1831F94A4821}.Release|Any CPU.Build.0 = Release|Any CPU
		{9262F0B3-CA4E-41FB-A4D2-339E9497F0F6}.Debug|Any CPU.ActiveCfg = Debug|Any CPU
		{9262F0B3-CA4E-41FB-A4D2-339E9497F0F6}.Debug|Any CPU.Build.0 = Debug|Any CPU
		{9262F0B3-CA4E-41FB-A4D2-339E9497F0F6}.Release|Any CPU.ActiveCfg = Release|Any CPU
		{9262F0B3-CA4E-41FB-A4D2-339E9497F0F6}.Release|Any CPU.Build.0 = Release|Any CPU
		{A2E96903-EACB-4D74-96F4-92D9C3572402}.Debug|Any CPU.ActiveCfg = Debug|Any CPU
		{A2E96903-EACB-4D74-96F4-92D9C3572402}.Debug|Any CPU.Build.0 = Debug|Any CPU
		{A2E96903-EACB-4D74-96F4-92D9C3572402}.Release|Any CPU.ActiveCfg = Release|Any CPU
		{A2E96903-EACB-4D74-96F4-92D9C3572402}.Release|Any CPU.Build.0 = Release|Any CPU
		{4C022E04-85AC-4C91-A341-134ABE769CFC}.Debug|Any CPU.ActiveCfg = Debug|Any CPU
		{4C022E04-85AC-4C91-A341-134ABE769CFC}.Debug|Any CPU.Build.0 = Debug|Any CPU
		{4C022E04-85AC-4C91-A341-134ABE769CFC}.Release|Any CPU.ActiveCfg = Release|Any CPU
		{4C022E04-85AC-4C91-A341-134ABE769CFC}.Release|Any CPU.Build.0 = Release|Any CPU
		{E252BB3C-2A18-45A3-A4B5-05924FEC82C0}.Debug|Any CPU.ActiveCfg = Debug|Any CPU
		{E252BB3C-2A18-45A3-A4B5-05924FEC82C0}.Debug|Any CPU.Build.0 = Debug|Any CPU
		{E252BB3C-2A18-45A3-A4B5-05924FEC82C0}.Release|Any CPU.ActiveCfg = Release|Any CPU
		{E252BB3C-2A18-45A3-A4B5-05924FEC82C0}.Release|Any CPU.Build.0 = Release|Any CPU
		{8CDA0092-FA03-4AE6-AB7B-418B5DC68FB6}.Debug|Any CPU.ActiveCfg = Debug|Any CPU
		{8CDA0092-FA03-4AE6-AB7B-418B5DC68FB6}.Debug|Any CPU.Build.0 = Debug|Any CPU
		{8CDA0092-FA03-4AE6-AB7B-418B5DC68FB6}.Release|Any CPU.ActiveCfg = Release|Any CPU
		{8CDA0092-FA03-4AE6-AB7B-418B5DC68FB6}.Release|Any CPU.Build.0 = Release|Any CPU
		{D0FEB1F5-2E84-426D-9DEE-9396F39C2B2B}.Debug|Any CPU.ActiveCfg = Debug|Any CPU
		{D0FEB1F5-2E84-426D-9DEE-9396F39C2B2B}.Debug|Any CPU.Build.0 = Debug|Any CPU
		{D0FEB1F5-2E84-426D-9DEE-9396F39C2B2B}.Release|Any CPU.ActiveCfg = Release|Any CPU
		{D0FEB1F5-2E84-426D-9DEE-9396F39C2B2B}.Release|Any CPU.Build.0 = Release|Any CPU
		{C687DFA9-66BF-4303-9589-C6F82AAB432D}.Debug|Any CPU.ActiveCfg = Debug|Any CPU
		{C687DFA9-66BF-4303-9589-C6F82AAB432D}.Debug|Any CPU.Build.0 = Debug|Any CPU
		{C687DFA9-66BF-4303-9589-C6F82AAB432D}.Release|Any CPU.ActiveCfg = Release|Any CPU
		{C687DFA9-66BF-4303-9589-C6F82AAB432D}.Release|Any CPU.Build.0 = Release|Any CPU
		{F8F032E4-672B-406A-B1A1-1BB6FB4B78B8}.Debug|Any CPU.ActiveCfg = Debug|Any CPU
		{F8F032E4-672B-406A-B1A1-1BB6FB4B78B8}.Debug|Any CPU.Build.0 = Debug|Any CPU
		{F8F032E4-672B-406A-B1A1-1BB6FB4B78B8}.Release|Any CPU.ActiveCfg = Release|Any CPU
		{F8F032E4-672B-406A-B1A1-1BB6FB4B78B8}.Release|Any CPU.Build.0 = Release|Any CPU
		{8D1B7F52-826B-428D-9ACB-819B4B31654A}.Debug|Any CPU.ActiveCfg = Debug|Any CPU
		{8D1B7F52-826B-428D-9ACB-819B4B31654A}.Debug|Any CPU.Build.0 = Debug|Any CPU
		{8D1B7F52-826B-428D-9ACB-819B4B31654A}.Release|Any CPU.ActiveCfg = Release|Any CPU
		{8D1B7F52-826B-428D-9ACB-819B4B31654A}.Release|Any CPU.Build.0 = Release|Any CPU
		{11CE6C2D-9CA7-4458-8C2D-D5C85E96B1FE}.Debug|Any CPU.ActiveCfg = Debug|Any CPU
		{11CE6C2D-9CA7-4458-8C2D-D5C85E96B1FE}.Debug|Any CPU.Build.0 = Debug|Any CPU
		{11CE6C2D-9CA7-4458-8C2D-D5C85E96B1FE}.Release|Any CPU.ActiveCfg = Release|Any CPU
		{11CE6C2D-9CA7-4458-8C2D-D5C85E96B1FE}.Release|Any CPU.Build.0 = Release|Any CPU
		{7A8C4FEC-9BD0-48B7-806B-FB185229650E}.Debug|Any CPU.ActiveCfg = Debug|Any CPU
		{7A8C4FEC-9BD0-48B7-806B-FB185229650E}.Debug|Any CPU.Build.0 = Debug|Any CPU
		{7A8C4FEC-9BD0-48B7-806B-FB185229650E}.Release|Any CPU.ActiveCfg = Release|Any CPU
		{7A8C4FEC-9BD0-48B7-806B-FB185229650E}.Release|Any CPU.Build.0 = Release|Any CPU
		{546CFED7-9A45-4C8C-9EFA-FB2174A7FFE9}.Debug|Any CPU.ActiveCfg = Debug|Any CPU
		{546CFED7-9A45-4C8C-9EFA-FB2174A7FFE9}.Debug|Any CPU.Build.0 = Debug|Any CPU
		{546CFED7-9A45-4C8C-9EFA-FB2174A7FFE9}.Release|Any CPU.ActiveCfg = Release|Any CPU
		{546CFED7-9A45-4C8C-9EFA-FB2174A7FFE9}.Release|Any CPU.Build.0 = Release|Any CPU
		{FB7BE513-2430-40D8-A7FD-B3DF32AB4D91}.Debug|Any CPU.ActiveCfg = Debug|Any CPU
		{FB7BE513-2430-40D8-A7FD-B3DF32AB4D91}.Debug|Any CPU.Build.0 = Debug|Any CPU
		{FB7BE513-2430-40D8-A7FD-B3DF32AB4D91}.Release|Any CPU.ActiveCfg = Release|Any CPU
		{FB7BE513-2430-40D8-A7FD-B3DF32AB4D91}.Release|Any CPU.Build.0 = Release|Any CPU
		{4008B70B-7DDE-4A4F-AF3F-29B154345D48}.Debug|Any CPU.ActiveCfg = Debug|Any CPU
		{4008B70B-7DDE-4A4F-AF3F-29B154345D48}.Debug|Any CPU.Build.0 = Debug|Any CPU
		{4008B70B-7DDE-4A4F-AF3F-29B154345D48}.Release|Any CPU.ActiveCfg = Release|Any CPU
		{4008B70B-7DDE-4A4F-AF3F-29B154345D48}.Release|Any CPU.Build.0 = Release|Any CPU
		{0A615629-ABBE-49B9-95D0-D7BC14BDD85C}.Debug|Any CPU.ActiveCfg = Debug|Any CPU
		{0A615629-ABBE-49B9-95D0-D7BC14BDD85C}.Debug|Any CPU.Build.0 = Debug|Any CPU
		{0A615629-ABBE-49B9-95D0-D7BC14BDD85C}.Release|Any CPU.ActiveCfg = Release|Any CPU
		{0A615629-ABBE-49B9-95D0-D7BC14BDD85C}.Release|Any CPU.Build.0 = Release|Any CPU
		{EDD6BD04-8E2E-411D-8D95-FAE50403FBA2}.Debug|Any CPU.ActiveCfg = Debug|Any CPU
		{EDD6BD04-8E2E-411D-8D95-FAE50403FBA2}.Debug|Any CPU.Build.0 = Debug|Any CPU
		{EDD6BD04-8E2E-411D-8D95-FAE50403FBA2}.Release|Any CPU.ActiveCfg = Release|Any CPU
		{EDD6BD04-8E2E-411D-8D95-FAE50403FBA2}.Release|Any CPU.Build.0 = Release|Any CPU
		{85614B12-EF08-4AB5-8CA2-62F3C803B5AB}.Debug|Any CPU.ActiveCfg = Debug|Any CPU
		{85614B12-EF08-4AB5-8CA2-62F3C803B5AB}.Debug|Any CPU.Build.0 = Debug|Any CPU
		{85614B12-EF08-4AB5-8CA2-62F3C803B5AB}.Release|Any CPU.ActiveCfg = Release|Any CPU
		{85614B12-EF08-4AB5-8CA2-62F3C803B5AB}.Release|Any CPU.Build.0 = Release|Any CPU
		{0365BD2C-1E4C-4A23-89D4-EC767C001F1E}.Debug|Any CPU.ActiveCfg = Debug|Any CPU
		{0365BD2C-1E4C-4A23-89D4-EC767C001F1E}.Debug|Any CPU.Build.0 = Debug|Any CPU
		{0365BD2C-1E4C-4A23-89D4-EC767C001F1E}.Release|Any CPU.ActiveCfg = Release|Any CPU
		{0365BD2C-1E4C-4A23-89D4-EC767C001F1E}.Release|Any CPU.Build.0 = Release|Any CPU
		{244C472F-ECD0-4C02-A11D-23EBB4EC7A27}.Debug|Any CPU.ActiveCfg = Debug|Any CPU
		{244C472F-ECD0-4C02-A11D-23EBB4EC7A27}.Debug|Any CPU.Build.0 = Debug|Any CPU
		{244C472F-ECD0-4C02-A11D-23EBB4EC7A27}.Release|Any CPU.ActiveCfg = Release|Any CPU
		{244C472F-ECD0-4C02-A11D-23EBB4EC7A27}.Release|Any CPU.Build.0 = Release|Any CPU
		{1B9D3E96-C304-4F24-BD7F-BC295FA88676}.Debug|Any CPU.ActiveCfg = Debug|Any CPU
		{1B9D3E96-C304-4F24-BD7F-BC295FA88676}.Debug|Any CPU.Build.0 = Debug|Any CPU
		{1B9D3E96-C304-4F24-BD7F-BC295FA88676}.Release|Any CPU.ActiveCfg = Release|Any CPU
		{1B9D3E96-C304-4F24-BD7F-BC295FA88676}.Release|Any CPU.Build.0 = Release|Any CPU
		{606507EA-38B0-4043-91F8-DFD26DE0D99E}.Debug|Any CPU.ActiveCfg = Debug|Any CPU
		{606507EA-38B0-4043-91F8-DFD26DE0D99E}.Debug|Any CPU.Build.0 = Debug|Any CPU
		{606507EA-38B0-4043-91F8-DFD26DE0D99E}.Release|Any CPU.ActiveCfg = Release|Any CPU
		{606507EA-38B0-4043-91F8-DFD26DE0D99E}.Release|Any CPU.Build.0 = Release|Any CPU
	EndGlobalSection
	GlobalSection(SolutionProperties) = preSolution
		HideSolutionNode = FALSE
	EndGlobalSection
	GlobalSection(NestedProjects) = preSolution
		{09C3FE73-6372-4740-9FF5-C8EA2FD32D98} = {A21B7C02-F512-43A8-8F8E-205962E78A99}
		{A629C498-8572-471F-9382-A166BC08100E} = {A21B7C02-F512-43A8-8F8E-205962E78A99}
		{1B17589C-5E14-4267-A92B-A267C89DDF2C} = {A21B7C02-F512-43A8-8F8E-205962E78A99}
		{2D212206-3F7E-424E-A485-D520ED907E9C} = {A21B7C02-F512-43A8-8F8E-205962E78A99}
		{883E65BB-0B08-48EF-8013-3A8F3E8E5517} = {A21B7C02-F512-43A8-8F8E-205962E78A99}
		{413078E3-F11E-4A54-B7EA-1831F94A4821} = {5A3A303D-DAB9-4C51-981A-AAEAADC72B97}
		{9262F0B3-CA4E-41FB-A4D2-339E9497F0F6} = {5A3A303D-DAB9-4C51-981A-AAEAADC72B97}
		{A2E96903-EACB-4D74-96F4-92D9C3572402} = {094EA635-EBDF-41D7-BDB5-51A324702048}
		{4C022E04-85AC-4C91-A341-134ABE769CFC} = {A0DD7CA1-8922-481B-A98F-561BFB00D01D}
		{E252BB3C-2A18-45A3-A4B5-05924FEC82C0} = {A0DD7CA1-8922-481B-A98F-561BFB00D01D}
		{8CDA0092-FA03-4AE6-AB7B-418B5DC68FB6} = {094EA635-EBDF-41D7-BDB5-51A324702048}
		{D0FEB1F5-2E84-426D-9DEE-9396F39C2B2B} = {2DF8D4A7-5A3E-45AA-A064-849EE95A8353}
		{C687DFA9-66BF-4303-9589-C6F82AAB432D} = {2DF8D4A7-5A3E-45AA-A064-849EE95A8353}
		{F8F032E4-672B-406A-B1A1-1BB6FB4B78B8} = {2DF8D4A7-5A3E-45AA-A064-849EE95A8353}
		{8D1B7F52-826B-428D-9ACB-819B4B31654A} = {094EA635-EBDF-41D7-BDB5-51A324702048}
		{11CE6C2D-9CA7-4458-8C2D-D5C85E96B1FE} = {722E22FD-041D-4E74-B2DA-4EEDF40D672F}
		{7A8C4FEC-9BD0-48B7-806B-FB185229650E} = {4D701C6E-546D-4141-AF8C-B58E8A3943FD}
		{546CFED7-9A45-4C8C-9EFA-FB2174A7FFE9} = {4D701C6E-546D-4141-AF8C-B58E8A3943FD}
		{FB7BE513-2430-40D8-A7FD-B3DF32AB4D91} = {4D701C6E-546D-4141-AF8C-B58E8A3943FD}
		{4008B70B-7DDE-4A4F-AF3F-29B154345D48} = {5A3A303D-DAB9-4C51-981A-AAEAADC72B97}
		{0A615629-ABBE-49B9-95D0-D7BC14BDD85C} = {5A3A303D-DAB9-4C51-981A-AAEAADC72B97}
		{EDD6BD04-8E2E-411D-8D95-FAE50403FBA2} = {5A3A303D-DAB9-4C51-981A-AAEAADC72B97}
		{85614B12-EF08-4AB5-8CA2-62F3C803B5AB} = {5A3A303D-DAB9-4C51-981A-AAEAADC72B97}
		{0365BD2C-1E4C-4A23-89D4-EC767C001F1E} = {7B9977E7-E0F2-4717-BC19-ABBFB7A2DAD7}
		{244C472F-ECD0-4C02-A11D-23EBB4EC7A27} = {7B9977E7-E0F2-4717-BC19-ABBFB7A2DAD7}
		{1B9D3E96-C304-4F24-BD7F-BC295FA88676} = {7B9977E7-E0F2-4717-BC19-ABBFB7A2DAD7}
		{606507EA-38B0-4043-91F8-DFD26DE0D99E} = {7B9977E7-E0F2-4717-BC19-ABBFB7A2DAD7}
	EndGlobalSection
	GlobalSection(ExtensibilityGlobals) = postSolution
		SolutionGuid = {980A3338-C8BD-4269-A61B-BCF57B14D411}
	EndGlobalSection
EndGlobal
